
Microsoft Visual Studio Solution File, Format Version 12.00
# Visual Studio 14
VisualStudioVersion = 14.0.25420.1
MinimumVisualStudioVersion = 10.0.40219.1
Project("{FAE04EC0-301F-11D3-BF4B-00C04F79EFBC}") = "ErieGarbageOnline", "ErieGarbageOnline\ErieGarbageOnline.csproj", "{46CDE03A-E2F0-4F30-98A5-D23B39EECC8D}"
EndProject
Project("{FAE04EC0-301F-11D3-BF4B-00C04F79EFBC}") = "ErieGarbageOnlineTest", "ErieGarbageOnlineTest\ErieGarbageOnlineTest.csproj", "{0C4CBFCB-4162-47F8-B060-67953F90F9EC}"
EndProject
Project("{FAE04EC0-301F-11D3-BF4B-00C04F79EFBC}") = "EGOMemory", "EGOMemory\EGOMemory.csproj", "{92076372-45B8-4F17-B7E0-102422624829}"
EndProject
Global
	GlobalSection(SolutionConfigurationPlatforms) = preSolution
		Debug|Any CPU = Debug|Any CPU
		Release|Any CPU = Release|Any CPU
	EndGlobalSection
	GlobalSection(ProjectConfigurationPlatforms) = postSolution
		{46CDE03A-E2F0-4F30-98A5-D23B39EECC8D}.Debug|Any CPU.ActiveCfg = Debug|Any CPU
		{46CDE03A-E2F0-4F30-98A5-D23B39EECC8D}.Debug|Any CPU.Build.0 = Debug|Any CPU
		{46CDE03A-E2F0-4F30-98A5-D23B39EECC8D}.Release|Any CPU.ActiveCfg = Release|Any CPU
		{46CDE03A-E2F0-4F30-98A5-D23B39EECC8D}.Release|Any CPU.Build.0 = Release|Any CPU
		{0C4CBFCB-4162-47F8-B060-67953F90F9EC}.Debug|Any CPU.ActiveCfg = Debug|Any CPU
		{0C4CBFCB-4162-47F8-B060-67953F90F9EC}.Debug|Any CPU.Build.0 = Debug|Any CPU
		{0C4CBFCB-4162-47F8-B060-67953F90F9EC}.Release|Any CPU.ActiveCfg = Release|Any CPU
		{0C4CBFCB-4162-47F8-B060-67953F90F9EC}.Release|Any CPU.Build.0 = Release|Any CPU
		{92076372-45B8-4F17-B7E0-102422624829}.Debug|Any CPU.ActiveCfg = Debug|Any CPU
		{92076372-45B8-4F17-B7E0-102422624829}.Debug|Any CPU.Build.0 = Debug|Any CPU
		{92076372-45B8-4F17-B7E0-102422624829}.Release|Any CPU.ActiveCfg = Release|Any CPU
		{92076372-45B8-4F17-B7E0-102422624829}.Release|Any CPU.Build.0 = Release|Any CPU
	EndGlobalSection
	GlobalSection(SolutionProperties) = preSolution
		HideSolutionNode = FALSE
	EndGlobalSection
EndGlobal
